
Microsoft Visual Studio Solution File, Format Version 12.00
# Visual Studio Version 16
VisualStudioVersion = 16.0.29123.88
MinimumVisualStudioVersion = 10.0.40219.1
Project("{FAE04EC0-301F-11D3-BF4B-00C04F79EFBC}") = "SB.Communication.Models", "SB.Communication.Models\SB.Communication.Models.csproj", "{5C036C4F-5A62-4AE0-92E1-3B0B1A2A1BB5}"
EndProject
Project("{FAE04EC0-301F-11D3-BF4B-00C04F79EFBC}") = "SB.Communication.Services", "SB.Communication.Services\SB.Communication.Services.csproj", "{A868FF2F-0FCF-4C4F-B8BC-49F4B1FA3A46}"
EndProject
Project("{FAE04EC0-301F-11D3-BF4B-00C04F79EFBC}") = "SB.Communication.Web", "SB.Communication.Web\SB.Communication.Web.csproj", "{964901FB-D421-42FF-8EC4-94B0570F9E02}"
EndProject
Global
	GlobalSection(SolutionConfigurationPlatforms) = preSolution
		Debug|Any CPU = Debug|Any CPU
		Release|Any CPU = Release|Any CPU
	EndGlobalSection
	GlobalSection(ProjectConfigurationPlatforms) = postSolution
		{5C036C4F-5A62-4AE0-92E1-3B0B1A2A1BB5}.Debug|Any CPU.ActiveCfg = Debug|Any CPU
		{5C036C4F-5A62-4AE0-92E1-3B0B1A2A1BB5}.Debug|Any CPU.Build.0 = Debug|Any CPU
		{5C036C4F-5A62-4AE0-92E1-3B0B1A2A1BB5}.Release|Any CPU.ActiveCfg = Release|Any CPU
		{5C036C4F-5A62-4AE0-92E1-3B0B1A2A1BB5}.Release|Any CPU.Build.0 = Release|Any CPU
		{A868FF2F-0FCF-4C4F-B8BC-49F4B1FA3A46}.Debug|Any CPU.ActiveCfg = Debug|Any CPU
		{A868FF2F-0FCF-4C4F-B8BC-49F4B1FA3A46}.Debug|Any CPU.Build.0 = Debug|Any CPU
		{A868FF2F-0FCF-4C4F-B8BC-49F4B1FA3A46}.Release|Any CPU.ActiveCfg = Release|Any CPU
		{A868FF2F-0FCF-4C4F-B8BC-49F4B1FA3A46}.Release|Any CPU.Build.0 = Release|Any CPU
		{964901FB-D421-42FF-8EC4-94B0570F9E02}.Debug|Any CPU.ActiveCfg = Debug|Any CPU
		{964901FB-D421-42FF-8EC4-94B0570F9E02}.Debug|Any CPU.Build.0 = Debug|Any CPU
		{964901FB-D421-42FF-8EC4-94B0570F9E02}.Release|Any CPU.ActiveCfg = Release|Any CPU
		{964901FB-D421-42FF-8EC4-94B0570F9E02}.Release|Any CPU.Build.0 = Release|Any CPU
	EndGlobalSection
	GlobalSection(SolutionProperties) = preSolution
		HideSolutionNode = FALSE
	EndGlobalSection
	GlobalSection(ExtensibilityGlobals) = postSolution
		SolutionGuid = {CDCFB7A9-7CE3-4E5B-8946-F1D5DFB0D8EA}
	EndGlobalSection
EndGlobal
